
Microsoft Visual Studio Solution File, Format Version 12.00
Project("{2150E333-8FDC-42A3-9474-1A3956D46DE8}") = "Extensions", "Extensions", "{2E193FAA-C3E3-4CC9-8783-565B3119D702}"
EndProject
Project("{2150E333-8FDC-42A3-9474-1A3956D46DE8}") = "Services", "Services", "{FBBC3DAE-215C-4ECB-99E2-3FF5AEDC8229}"
EndProject
Project("{FAE04EC0-301F-11D3-BF4B-00C04F79EFBC}") = "Extensions.EPPlus", "src\Extensions\Extensions.EPPlus\Extensions.EPPlus.csproj", "{684D163B-E06B-4F16-B70D-106769941DE4}"
EndProject
Project("{FAE04EC0-301F-11D3-BF4B-00C04F79EFBC}") = "Extensions.Extensions.Hosting", "src\Extensions\Extensions.Extensions.Hosting\Extensions.Extensions.Hosting.csproj", "{58B17F7E-CA5E-4214-B149-48C20757CC8F}"
EndProject
Project("{FAE04EC0-301F-11D3-BF4B-00C04F79EFBC}") = "Extensions.SeleniumChormeDriver", "src\Extensions\Extensions.SeleniumChormeDriver\Extensions.SeleniumChormeDriver.csproj", "{E23263E3-6F99-4505-9E65-9C34C0C3EE20}"
EndProject
Project("{FAE04EC0-301F-11D3-BF4B-00C04F79EFBC}") = "Infomercado", "src\Services\Infomercado\Infomercado.csproj", "{47A18E14-E9EC-458A-8410-58D82B40BA47}"
EndProject
Project("{2150E333-8FDC-42A3-9474-1A3956D46DE8}") = "SolutionItens", "SolutionItens", "{D15DE9E0-EEC3-4BCB-B885-61DEA50572ED}"
ProjectSection(SolutionItems) = preProject
	.gitignore = .gitignore
	docker-compose.yml = docker-compose.yml
	README.md = README.md
EndProjectSection
EndProject
Project("{FAE04EC0-301F-11D3-BF4B-00C04F79EFBC}") = "Infomercado.Domain", "src\Services\Infomercado.Domain\Infomercado.Domain.csproj", "{F2184D73-4648-4235-89B0-EFC564E53ED1}"
EndProject
Global
	GlobalSection(SolutionConfigurationPlatforms) = preSolution
		Debug|Any CPU = Debug|Any CPU
		Release|Any CPU = Release|Any CPU
	EndGlobalSection
	GlobalSection(ProjectConfigurationPlatforms) = postSolution
		{684D163B-E06B-4F16-B70D-106769941DE4}.Debug|Any CPU.ActiveCfg = Debug|Any CPU
		{684D163B-E06B-4F16-B70D-106769941DE4}.Debug|Any CPU.Build.0 = Debug|Any CPU
		{684D163B-E06B-4F16-B70D-106769941DE4}.Release|Any CPU.ActiveCfg = Release|Any CPU
		{684D163B-E06B-4F16-B70D-106769941DE4}.Release|Any CPU.Build.0 = Release|Any CPU
		{58B17F7E-CA5E-4214-B149-48C20757CC8F}.Debug|Any CPU.ActiveCfg = Debug|Any CPU
		{58B17F7E-CA5E-4214-B149-48C20757CC8F}.Debug|Any CPU.Build.0 = Debug|Any CPU
		{58B17F7E-CA5E-4214-B149-48C20757CC8F}.Release|Any CPU.ActiveCfg = Release|Any CPU
		{58B17F7E-CA5E-4214-B149-48C20757CC8F}.Release|Any CPU.Build.0 = Release|Any CPU
		{E23263E3-6F99-4505-9E65-9C34C0C3EE20}.Debug|Any CPU.ActiveCfg = Debug|Any CPU
		{E23263E3-6F99-4505-9E65-9C34C0C3EE20}.Debug|Any CPU.Build.0 = Debug|Any CPU
		{E23263E3-6F99-4505-9E65-9C34C0C3EE20}.Release|Any CPU.ActiveCfg = Release|Any CPU
		{E23263E3-6F99-4505-9E65-9C34C0C3EE20}.Release|Any CPU.Build.0 = Release|Any CPU
		{47A18E14-E9EC-458A-8410-58D82B40BA47}.Debug|Any CPU.ActiveCfg = Debug|Any CPU
		{47A18E14-E9EC-458A-8410-58D82B40BA47}.Debug|Any CPU.Build.0 = Debug|Any CPU
		{47A18E14-E9EC-458A-8410-58D82B40BA47}.Release|Any CPU.ActiveCfg = Release|Any CPU
		{47A18E14-E9EC-458A-8410-58D82B40BA47}.Release|Any CPU.Build.0 = Release|Any CPU
		{F2184D73-4648-4235-89B0-EFC564E53ED1}.Debug|Any CPU.ActiveCfg = Debug|Any CPU
		{F2184D73-4648-4235-89B0-EFC564E53ED1}.Debug|Any CPU.Build.0 = Debug|Any CPU
		{F2184D73-4648-4235-89B0-EFC564E53ED1}.Release|Any CPU.ActiveCfg = Release|Any CPU
		{F2184D73-4648-4235-89B0-EFC564E53ED1}.Release|Any CPU.Build.0 = Release|Any CPU
	EndGlobalSection
	GlobalSection(NestedProjects) = preSolution
		{684D163B-E06B-4F16-B70D-106769941DE4} = {2E193FAA-C3E3-4CC9-8783-565B3119D702}
		{58B17F7E-CA5E-4214-B149-48C20757CC8F} = {2E193FAA-C3E3-4CC9-8783-565B3119D702}
		{E23263E3-6F99-4505-9E65-9C34C0C3EE20} = {2E193FAA-C3E3-4CC9-8783-565B3119D702}
		{47A18E14-E9EC-458A-8410-58D82B40BA47} = {FBBC3DAE-215C-4ECB-99E2-3FF5AEDC8229}
		{F2184D73-4648-4235-89B0-EFC564E53ED1} = {FBBC3DAE-215C-4ECB-99E2-3FF5AEDC8229}
	EndGlobalSection
EndGlobal
